
Microsoft Visual Studio Solution File, Format Version 12.00
# Visual Studio Version 17
VisualStudioVersion = 17.0.31903.59
MinimumVisualStudioVersion = 10.0.40219.1
Project("{FAE04EC0-301F-11D3-BF4B-00C04F79EFBC}") = "API", "API\API.csproj", "{D3D55B25-FE1A-4843-9518-8CB1FEF6B18B}"
EndProject
Project("{FAE04EC0-301F-11D3-BF4B-00C04F79EFBC}") = "Application", "Application\Application.csproj", "{C1C67EED-BE01-4BAF-8726-9F3EBFE6452D}"
EndProject
Project("{FAE04EC0-301F-11D3-BF4B-00C04F79EFBC}") = "Persistence", "Persistence\Persistence.csproj", "{008B4B9D-7632-4E11-A8D4-73BD47424E65}"
EndProject
Project("{FAE04EC0-301F-11D3-BF4B-00C04F79EFBC}") = "Domain", "Domain\Domain.csproj", "{1A40C09C-9623-4ADB-B748-42F188A7C577}"
EndProject
Global
	GlobalSection(SolutionConfigurationPlatforms) = preSolution
		Debug|Any CPU = Debug|Any CPU
		Release|Any CPU = Release|Any CPU
	EndGlobalSection
	GlobalSection(SolutionProperties) = preSolution
		HideSolutionNode = FALSE
	EndGlobalSection
	GlobalSection(ProjectConfigurationPlatforms) = postSolution
		{D3D55B25-FE1A-4843-9518-8CB1FEF6B18B}.Debug|Any CPU.ActiveCfg = Debug|Any CPU
		{D3D55B25-FE1A-4843-9518-8CB1FEF6B18B}.Debug|Any CPU.Build.0 = Debug|Any CPU
		{D3D55B25-FE1A-4843-9518-8CB1FEF6B18B}.Release|Any CPU.ActiveCfg = Release|Any CPU
		{D3D55B25-FE1A-4843-9518-8CB1FEF6B18B}.Release|Any CPU.Build.0 = Release|Any CPU
		{C1C67EED-BE01-4BAF-8726-9F3EBFE6452D}.Debug|Any CPU.ActiveCfg = Debug|Any CPU
		{C1C67EED-BE01-4BAF-8726-9F3EBFE6452D}.Debug|Any CPU.Build.0 = Debug|Any CPU
		{C1C67EED-BE01-4BAF-8726-9F3EBFE6452D}.Release|Any CPU.ActiveCfg = Release|Any CPU
		{C1C67EED-BE01-4BAF-8726-9F3EBFE6452D}.Release|Any CPU.Build.0 = Release|Any CPU
		{008B4B9D-7632-4E11-A8D4-73BD47424E65}.Debug|Any CPU.ActiveCfg = Debug|Any CPU
		{008B4B9D-7632-4E11-A8D4-73BD47424E65}.Debug|Any CPU.Build.0 = Debug|Any CPU
		{008B4B9D-7632-4E11-A8D4-73BD47424E65}.Release|Any CPU.ActiveCfg = Release|Any CPU
		{008B4B9D-7632-4E11-A8D4-73BD47424E65}.Release|Any CPU.Build.0 = Release|Any CPU
		{1A40C09C-9623-4ADB-B748-42F188A7C577}.Debug|Any CPU.ActiveCfg = Debug|Any CPU
		{1A40C09C-9623-4ADB-B748-42F188A7C577}.Debug|Any CPU.Build.0 = Debug|Any CPU
		{1A40C09C-9623-4ADB-B748-42F188A7C577}.Release|Any CPU.ActiveCfg = Release|Any CPU
		{1A40C09C-9623-4ADB-B748-42F188A7C577}.Release|Any CPU.Build.0 = Release|Any CPU
	EndGlobalSection
EndGlobal
